
Microsoft Visual Studio Solution File, Format Version 12.00
# Visual Studio 2013
VisualStudioVersion = 12.0.31101.0
MinimumVisualStudioVersion = 10.0.40219.1
Project("{FAE04EC0-301F-11D3-BF4B-00C04F79EFBC}") = "codeabbey", "codeabbey\codeabbey.csproj", "{C25C84A2-CDFD-4BD9-B16E-5DD048F0A0A1}"
EndProject
Project("{2150E333-8FDC-42A3-9474-1A3956D46DE8}") = "Solution Items", "Solution Items", "{A3AC4104-A5D0-4F5D-8771-4777CACF4B13}"
EndProject
Global
	GlobalSection(SolutionConfigurationPlatforms) = preSolution
		Debug|Any CPU = Debug|Any CPU
		Release|Any CPU = Release|Any CPU
	EndGlobalSection
	GlobalSection(ProjectConfigurationPlatforms) = postSolution
		{C25C84A2-CDFD-4BD9-B16E-5DD048F0A0A1}.Debug|Any CPU.ActiveCfg = Debug|Any CPU
		{C25C84A2-CDFD-4BD9-B16E-5DD048F0A0A1}.Debug|Any CPU.Build.0 = Debug|Any CPU
		{C25C84A2-CDFD-4BD9-B16E-5DD048F0A0A1}.Release|Any CPU.ActiveCfg = Release|Any CPU
		{C25C84A2-CDFD-4BD9-B16E-5DD048F0A0A1}.Release|Any CPU.Build.0 = Release|Any CPU
	EndGlobalSection
	GlobalSection(SolutionProperties) = preSolution
		HideSolutionNode = FALSE
	EndGlobalSection
EndGlobal
